
Microsoft Visual Studio Solution File, Format Version 12.00
# Visual Studio 15
VisualStudioVersion = 15.0.28307.421
MinimumVisualStudioVersion = 10.0.40219.1
Project("{E24C65DC-7377-472B-9ABA-BC803B73C61A}") = "RichTextBoxSample", "RichTextBoxSample\", "{C49BA420-FF21-414F-876D-FE6D29D517CE}"
	ProjectSection(WebsiteProperties) = preProject
		TargetFrameworkMoniker = ".NETFramework,Version%3Dv4.0"
		Debug.AspNetCompiler.VirtualPath = "/localhost_53787"
		Debug.AspNetCompiler.PhysicalPath = "RichTextBoxSample\"
		Debug.AspNetCompiler.TargetPath = "PrecompiledWeb\localhost_53787\"
		Debug.AspNetCompiler.Updateable = "true"
		Debug.AspNetCompiler.ForceOverwrite = "true"
		Debug.AspNetCompiler.FixedNames = "false"
		Debug.AspNetCompiler.Debug = "True"
		Release.AspNetCompiler.VirtualPath = "/localhost_53787"
		Release.AspNetCompiler.PhysicalPath = "RichTextBoxSample\"
		Release.AspNetCompiler.TargetPath = "PrecompiledWeb\localhost_53787\"
		Release.AspNetCompiler.Updateable = "true"
		Release.AspNetCompiler.ForceOverwrite = "true"
		Release.AspNetCompiler.FixedNames = "false"
		Release.AspNetCompiler.Debug = "False"
		VWDPort = "53787"
		SlnRelativePath = "RichTextBoxSample\"
		DefaultWebSiteLanguage = "Visual C#"
	EndProjectSection
EndProject
Global
	GlobalSection(SolutionConfigurationPlatforms) = preSolution
		Debug|Any CPU = Debug|Any CPU
	EndGlobalSection
	GlobalSection(ProjectConfigurationPlatforms) = postSolution
		{C49BA420-FF21-414F-876D-FE6D29D517CE}.Debug|Any CPU.ActiveCfg = Debug|Any CPU
		{C49BA420-FF21-414F-876D-FE6D29D517CE}.Debug|Any CPU.Build.0 = Debug|Any CPU
	EndGlobalSection
	GlobalSection(SolutionProperties) = preSolution
		HideSolutionNode = FALSE
	EndGlobalSection
	GlobalSection(ExtensibilityGlobals) = postSolution
		SolutionGuid = {BAF31BC7-BF01-445C-BE4A-5D117BAA5722}
	EndGlobalSection
EndGlobal
